{
  "name": "@buxlabs/html-engine-loader",
  "version": "0.5.2",
  "lockfileVersion": 1,
  "requires": true,
  "dependencies": {
    "@buxlabs/html-engine": {
      "version": "0.5.1",
      "resolved": "https://registry.npmjs.org/@buxlabs/html-engine/-/html-engine-0.5.1.tgz",
      "integrity": "sha512-Ueq7uMnrt9rYnKpzaL22QEHMWXH9/sXe2yQLdXixR3xOYvRhhcbDiLHvavyr69w2Cd4SqUz5H8C65vsZQAy6Kg==",
      "requires": {
        "abstract-syntax-tree": "^1.0.1",
        "himalaya": "^1.1.0",
        "himalaya-walk": "^1.0.0",
        "pure-utilities": "^1.0.4"
      }
    },
    "abstract-syntax-tree": {
      "version": "1.0.2",
      "resolved": "https://registry.npmjs.org/abstract-syntax-tree/-/abstract-syntax-tree-1.0.2.tgz",
      "integrity": "sha512-fCrygLm1tzR1hhIOrKptJfU/HQWclOl1kMIcFvhxzyYdk2XQgeLdLLLiX2EiEgbWtOAimNt72LAxvsnyqt1AVg==",
      "requires": {
        "astring": "^1.3.0",
        "cherow": "^1.4.16",
        "comparify": "^0.2.0",
        "esquery": "^1.0.1",
        "estemplate": "^0.5.1",
        "estraverse": "^4.2.0",
        "prettier": "^1.12.1",
        "source-map": "^0.7.2",
        "to-ast": "^1.0.0"
      }
    },
    "ast-types": {
      "version": "0.7.8",
      "resolved": "https://registry.npmjs.org/ast-types/-/ast-types-0.7.8.tgz",
      "integrity": "sha1-kC0uDWDQcb3NRtwRXhgJ7RHBOKk="
    },
    "astring": {
      "version": "1.3.0",
      "resolved": "https://registry.npmjs.org/astring/-/astring-1.3.0.tgz",
      "integrity": "sha512-laK24aJivdQ/BkPaLOcXFBabGk7HrVrV+cvFrIIJ/H9ytCI6vYn+o9sbaPYvaEmNOq3wj0SCsPujO/rF206x0A=="
    },
    "cherow": {
      "version": "1.6.6",
      "resolved": "https://registry.npmjs.org/cherow/-/cherow-1.6.6.tgz",
      "integrity": "sha1-3R4M9DeC8CKbPgCrIBvpZxatgcE="
    },
    "comparify": {
      "version": "0.2.0",
      "resolved": "https://registry.npmjs.org/comparify/-/comparify-0.2.0.tgz",
      "integrity": "sha1-wf1qoeHfIiu/ELC78XGYOX5wxm0="
    },
    "esprima": {
      "version": "2.7.3",
      "resolved": "https://registry.npmjs.org/esprima/-/esprima-2.7.3.tgz",
      "integrity": "sha1-luO3DVd59q1JzQMmc9HDEnZ7pYE="
    },
    "esquery": {
      "version": "1.0.1",
      "resolved": "https://registry.npmjs.org/esquery/-/esquery-1.0.1.tgz",
      "integrity": "sha512-SmiyZ5zIWH9VM+SRUReLS5Q8a7GxtRdxEBVZpm98rJM7Sb+A9DVCndXfkeFUd3byderg+EbDkfnevfCwynWaNA==",
      "requires": {
        "estraverse": "^4.0.0"
      }
    },
    "estemplate": {
      "version": "0.5.1",
      "resolved": "https://registry.npmjs.org/estemplate/-/estemplate-0.5.1.tgz",
      "integrity": "sha1-FxSp1GGQc4rJWLyv1J4CnNpWo54=",
      "requires": {
        "esprima": "^2.7.2",
        "estraverse": "^4.1.1"
      }
    },
    "estraverse": {
      "version": "4.2.0",
      "resolved": "https://registry.npmjs.org/estraverse/-/estraverse-4.2.0.tgz",
      "integrity": "sha1-De4/7TH81GlhjOc0IJn8GvoL2xM="
    },
    "himalaya": {
      "version": "1.1.0",
      "resolved": "https://registry.npmjs.org/himalaya/-/himalaya-1.1.0.tgz",
      "integrity": "sha512-LLase1dHCRMel68/HZTFft0N0wti0epHr3nNY7ynpLbyZpmrKMQ8YIpiOV77TM97cNpC8Wb2n6f66IRggwdWPw=="
    },
    "himalaya-walk": {
      "version": "1.0.0",
      "resolved": "https://registry.npmjs.org/himalaya-walk/-/himalaya-walk-1.0.0.tgz",
      "integrity": "sha512-lu++BRl5biE9+GJSAdMLFuXje97iTOZZUCidLvnxW8JGsCLSHd5+J/UeSjB5POfF1v1ZiDZ2Ff1NdTjLLzNsMQ=="
    },
    "prettier": {
      "version": "1.13.0",
      "resolved": "https://registry.npmjs.org/prettier/-/prettier-1.13.0.tgz",
      "integrity": "sha512-ubNahzMwHtdrSVGMMNabOHSeBKvZu+N5Z7Tu2CvbTexffL6aHwwOc7/fvEaWYTtvu4CtXnniHGA2vxV/NIH6KQ=="
    },
    "pure-utilities": {
      "version": "1.0.4",
      "resolved": "https://registry.npmjs.org/pure-utilities/-/pure-utilities-1.0.4.tgz",
      "integrity": "sha512-IbVLEcw64cUg4is77M8OpAxLRlJlF/iEE1sh1yy9edSLb6DUA7TuiHqSu9PYvwNSc05yugvMl/ZWAriooUeuuA=="
    },
    "source-map": {
      "version": "0.7.3",
      "resolved": "https://registry.npmjs.org/source-map/-/source-map-0.7.3.tgz",
      "integrity": "sha512-CkCj6giN3S+n9qrYiBTX5gystlENnRW5jZeNLHpe6aue+SrHcG5VYwujhW9s4dY31mEGsxBDrHR6oI69fTXsaQ=="
    },
    "to-ast": {
      "version": "1.0.0",
      "resolved": "https://registry.npmjs.org/to-ast/-/to-ast-1.0.0.tgz",
      "integrity": "sha1-DEoxyMmO396arwGSx5S0yLEe4oc=",
      "requires": {
        "ast-types": "^0.7.2",
        "esprima": "^2.1.0"
      }
    }
  }
}
