{
  "name": "pure-engine-loader",
  "version": "0.9.12",
  "lockfileVersion": 1,
  "requires": true,
  "dependencies": {
    "@sinonjs/commons": {
      "version": "1.3.0",
      "resolved": "https://registry.npmjs.org/@sinonjs/commons/-/commons-1.3.0.tgz",
      "integrity": "sha512-j4ZwhaHmwsCb4DlDOIWnI5YyKDNMoNThsmwEpfHx6a1EpsGZ9qYLxP++LMlmBRjtGptGHFsGItJ768snllFWpA==",
      "dev": true,
      "requires": {
        "type-detect": "4.0.8"
      }
    },
    "@sinonjs/formatio": {
      "version": "3.0.0",
      "resolved": "https://registry.npmjs.org/@sinonjs/formatio/-/formatio-3.0.0.tgz",
      "integrity": "sha512-vdjoYLDptCgvtJs57ULshak3iJe4NW3sJ3g36xVDGff5AE8P30S6A093EIEPjdi2noGhfuNOEkbxt3J3awFW1w==",
      "dev": true,
      "requires": {
        "@sinonjs/samsam": "2.1.0"
      },
      "dependencies": {
        "@sinonjs/samsam": {
          "version": "2.1.0",
          "resolved": "https://registry.npmjs.org/@sinonjs/samsam/-/samsam-2.1.0.tgz",
          "integrity": "sha512-5x2kFgJYupaF1ns/RmharQ90lQkd2ELS8A9X0ymkAAdemYHGtI2KiUHG8nX2WU0T1qgnOU5YMqnBM2V7NUanNw==",
          "dev": true,
          "requires": {
            "array-from": "^2.1.1"
          }
        }
      }
    },
    "@sinonjs/samsam": {
      "version": "2.1.2",
      "resolved": "https://registry.npmjs.org/@sinonjs/samsam/-/samsam-2.1.2.tgz",
      "integrity": "sha512-ZwTHAlC9akprWDinwEPD4kOuwaYZlyMwVJIANsKNC3QVp0AHB04m7RnB4eqeWfgmxw8MGTzS9uMaw93Z3QcZbw==",
      "dev": true
    },
    "abstract-syntax-tree": {
      "version": "1.0.3",
      "resolved": "https://registry.npmjs.org/abstract-syntax-tree/-/abstract-syntax-tree-1.0.3.tgz",
      "integrity": "sha512-f3vue0Ee67JqyAm6vBzL4o1mIvY3P9CFfquDLm99uIT1FG2vWxk78zcDZGWIe50LSn/vZQ9iZjKjDKJFg0JwlA==",
      "requires": {
        "astring": "^1.3.0",
        "cherow": "^1.6.8",
        "comparify": "^0.2.0",
        "esquery": "^1.0.1",
        "estemplate": "^0.5.1",
        "estraverse": "^4.2.0",
        "prettier": "^1.12.1",
        "source-map": "^0.7.2",
        "to-ast": "^1.0.0"
      }
    },
    "array-from": {
      "version": "2.1.1",
      "resolved": "https://registry.npmjs.org/array-from/-/array-from-2.1.1.tgz",
      "integrity": "sha1-z+nYwmYoudxa7MYqn12PHzUsEZU=",
      "dev": true
    },
    "ast-types": {
      "version": "0.7.8",
      "resolved": "http://registry.npmjs.org/ast-types/-/ast-types-0.7.8.tgz",
      "integrity": "sha1-kC0uDWDQcb3NRtwRXhgJ7RHBOKk="
    },
    "astring": {
      "version": "1.3.1",
      "resolved": "https://registry.npmjs.org/astring/-/astring-1.3.1.tgz",
      "integrity": "sha512-kMDFc68yAKWQVBC5PhWsnvKtNaQew1XTuYLFjcZFfGys3yl9A+vOcgo3w1VMr8XgK0aYfClg4g0ifDF5lftJNg=="
    },
    "big.js": {
      "version": "3.2.0",
      "resolved": "https://registry.npmjs.org/big.js/-/big.js-3.2.0.tgz",
      "integrity": "sha512-+hN/Zh2D08Mx65pZ/4g5bsmNiZUuChDiQfTUQ7qJr4/kuopCr88xZsAXv6mBoZEsUI4OuGHlX59qE94K2mMW8Q=="
    },
    "cherow": {
      "version": "1.6.8",
      "resolved": "https://registry.npmjs.org/cherow/-/cherow-1.6.8.tgz",
      "integrity": "sha512-if2GIw3fjE/KnFD5tddg4YJn2zveJ7PU7VcTrVHvsAdqJClB5555AsSti53XHjUyaOEiqq9x3/lZZVJ8s+VPkA==",
      "requires": {
        "rollup-plugin-uglify": "^3.0.0"
      }
    },
    "commander": {
      "version": "2.13.0",
      "resolved": "https://registry.npmjs.org/commander/-/commander-2.13.0.tgz",
      "integrity": "sha512-MVuS359B+YzaWqjCL/c+22gfryv+mCBPHAv3zyVI2GN8EY6IRP8VwtasXn8jyyhvvq84R4ImN1OKRtcbIasjYA=="
    },
    "comparify": {
      "version": "0.2.0",
      "resolved": "https://registry.npmjs.org/comparify/-/comparify-0.2.0.tgz",
      "integrity": "sha1-wf1qoeHfIiu/ELC78XGYOX5wxm0="
    },
    "diff": {
      "version": "3.5.0",
      "resolved": "https://registry.npmjs.org/diff/-/diff-3.5.0.tgz",
      "integrity": "sha512-A46qtFgd+g7pDZinpnwiRJtxbC1hpgf0uzP3iG89scHk0AUC7A1TGxf5OiiOUv/JMZR8GOt8hL900hV0bOy5xA==",
      "dev": true
    },
    "emojis-list": {
      "version": "2.1.0",
      "resolved": "https://registry.npmjs.org/emojis-list/-/emojis-list-2.1.0.tgz",
      "integrity": "sha1-TapNnbAPmBmIDHn6RXrlsJof04k="
    },
    "esprima": {
      "version": "2.7.3",
      "resolved": "https://registry.npmjs.org/esprima/-/esprima-2.7.3.tgz",
      "integrity": "sha1-luO3DVd59q1JzQMmc9HDEnZ7pYE="
    },
    "esquery": {
      "version": "1.0.1",
      "resolved": "https://registry.npmjs.org/esquery/-/esquery-1.0.1.tgz",
      "integrity": "sha512-SmiyZ5zIWH9VM+SRUReLS5Q8a7GxtRdxEBVZpm98rJM7Sb+A9DVCndXfkeFUd3byderg+EbDkfnevfCwynWaNA==",
      "requires": {
        "estraverse": "^4.0.0"
      }
    },
    "estemplate": {
      "version": "0.5.1",
      "resolved": "https://registry.npmjs.org/estemplate/-/estemplate-0.5.1.tgz",
      "integrity": "sha1-FxSp1GGQc4rJWLyv1J4CnNpWo54=",
      "requires": {
        "esprima": "^2.7.2",
        "estraverse": "^4.1.1"
      }
    },
    "estraverse": {
      "version": "4.2.0",
      "resolved": "https://registry.npmjs.org/estraverse/-/estraverse-4.2.0.tgz",
      "integrity": "sha1-De4/7TH81GlhjOc0IJn8GvoL2xM="
    },
    "has-flag": {
      "version": "3.0.0",
      "resolved": "https://registry.npmjs.org/has-flag/-/has-flag-3.0.0.tgz",
      "integrity": "sha1-tdRU3CGZriJWmfNGfloH87lVuv0=",
      "dev": true
    },
    "himalaya": {
      "version": "1.1.0",
      "resolved": "https://registry.npmjs.org/himalaya/-/himalaya-1.1.0.tgz",
      "integrity": "sha512-LLase1dHCRMel68/HZTFft0N0wti0epHr3nNY7ynpLbyZpmrKMQ8YIpiOV77TM97cNpC8Wb2n6f66IRggwdWPw=="
    },
    "himalaya-walk": {
      "version": "1.0.0",
      "resolved": "https://registry.npmjs.org/himalaya-walk/-/himalaya-walk-1.0.0.tgz",
      "integrity": "sha512-lu++BRl5biE9+GJSAdMLFuXje97iTOZZUCidLvnxW8JGsCLSHd5+J/UeSjB5POfF1v1ZiDZ2Ff1NdTjLLzNsMQ=="
    },
    "image-size": {
      "version": "0.6.3",
      "resolved": "https://registry.npmjs.org/image-size/-/image-size-0.6.3.tgz",
      "integrity": "sha512-47xSUiQioGaB96nqtp5/q55m0aBQSQdyIloMOc/x+QVTDZLNmXE892IIDrJ0hM1A5vcNUDD5tDffkSP5lCaIIA=="
    },
    "isarray": {
      "version": "0.0.1",
      "resolved": "https://registry.npmjs.org/isarray/-/isarray-0.0.1.tgz",
      "integrity": "sha1-ihis/Kmo9Bd+Cav8YDiTmwXR7t8=",
      "dev": true
    },
    "json5": {
      "version": "0.5.1",
      "resolved": "https://registry.npmjs.org/json5/-/json5-0.5.1.tgz",
      "integrity": "sha1-Hq3nrMASA0rYTiOWdn6tn6VJWCE="
    },
    "just-extend": {
      "version": "3.0.0",
      "resolved": "https://registry.npmjs.org/just-extend/-/just-extend-3.0.0.tgz",
      "integrity": "sha512-Fu3T6pKBuxjWT/p4DkqGHFRsysc8OauWr4ZRTY9dIx07Y9O0RkoR5jcv28aeD1vuAwhm3nLkDurwLXoALp4DpQ==",
      "dev": true
    },
    "loader-utils": {
      "version": "1.1.0",
      "resolved": "https://registry.npmjs.org/loader-utils/-/loader-utils-1.1.0.tgz",
      "integrity": "sha1-yYrvSIvM7aL/teLeZG1qdUQp9c0=",
      "requires": {
        "big.js": "^3.1.3",
        "emojis-list": "^2.0.0",
        "json5": "^0.5.0"
      }
    },
    "lodash.get": {
      "version": "4.4.2",
      "resolved": "https://registry.npmjs.org/lodash.get/-/lodash.get-4.4.2.tgz",
      "integrity": "sha1-LRd/ZS+jHpObRDjVNBSZ36OCXpk=",
      "dev": true
    },
    "lolex": {
      "version": "3.0.0",
      "resolved": "https://registry.npmjs.org/lolex/-/lolex-3.0.0.tgz",
      "integrity": "sha512-hcnW80h3j2lbUfFdMArd5UPA/vxZJ+G8vobd+wg3nVEQA0EigStbYcrG030FJxL6xiDDPEkoMatV9xIh5OecQQ==",
      "dev": true
    },
    "negate-sentence": {
      "version": "0.1.2",
      "resolved": "https://registry.npmjs.org/negate-sentence/-/negate-sentence-0.1.2.tgz",
      "integrity": "sha512-qD0Smf0A8JGrlG5vDuNkD3CrfRlQEM+rII6eADGt2SsIoQGdDhiGZL9pD1590TD2PTHJlFE1LM1v8xqOrHoszA==",
      "requires": {
        "pure-utilities": "^1.0.10"
      }
    },
    "nise": {
      "version": "1.4.6",
      "resolved": "https://registry.npmjs.org/nise/-/nise-1.4.6.tgz",
      "integrity": "sha512-1GedetLKzmqmgwabuMSqPsT7oumdR77SBpDfNNJhADRIeA3LN/2RVqR4fFqwvzhAqcTef6PPCzQwITE/YQ8S8A==",
      "dev": true,
      "requires": {
        "@sinonjs/formatio": "3.0.0",
        "just-extend": "^3.0.0",
        "lolex": "^2.3.2",
        "path-to-regexp": "^1.7.0",
        "text-encoding": "^0.6.4"
      },
      "dependencies": {
        "lolex": {
          "version": "2.7.5",
          "resolved": "https://registry.npmjs.org/lolex/-/lolex-2.7.5.tgz",
          "integrity": "sha512-l9x0+1offnKKIzYVjyXU2SiwhXDLekRzKyhnbyldPHvC7BvLPVpdNUNR2KeMAiCN2D/kLNttZgQD5WjSxuBx3Q==",
          "dev": true
        }
      }
    },
    "path-to-regexp": {
      "version": "1.7.0",
      "resolved": "https://registry.npmjs.org/path-to-regexp/-/path-to-regexp-1.7.0.tgz",
      "integrity": "sha1-Wf3g9DW62suhA6hOnTvGTpa5k30=",
      "dev": true,
      "requires": {
        "isarray": "0.0.1"
      }
    },
    "prettier": {
      "version": "1.15.2",
      "resolved": "https://registry.npmjs.org/prettier/-/prettier-1.15.2.tgz",
      "integrity": "sha512-YgPLFFA0CdKL4Eg2IHtUSjzj/BWgszDHiNQAe0VAIBse34148whfdzLagRL+QiKS+YfK5ftB6X4v/MBw8yCoug=="
    },
    "pure-conditions": {
      "version": "0.1.16",
      "resolved": "https://registry.npmjs.org/pure-conditions/-/pure-conditions-0.1.16.tgz",
      "integrity": "sha512-4NYZyFtDtNIrxNHLRntQS7TPHAEDzvkvz2UmA6RAPhrSt5gSrzcMJrBsMJYXhmD9QyHdPVwvqmJD9lkdB9fHQg=="
    },
    "pure-engine": {
      "version": "0.9.12",
      "resolved": "https://registry.npmjs.org/pure-engine/-/pure-engine-0.9.12.tgz",
      "integrity": "sha512-tRTyWcmC2ocMZv9jCfmNcLZuEWyXaSdVzkXFrIfwoj1PtlqTjJ9nwIgD0qg5kYIXpxGknbjNMGaeFJe284Giyw==",
      "requires": {
        "abstract-syntax-tree": "^1.0.2",
        "himalaya": "^1.1.0",
        "himalaya-walk": "^1.0.0",
        "image-size": "^0.6.3",
        "negate-sentence": "^0.1.2",
        "pure-conditions": "^0.1.9",
        "pure-utilities": "^1.1.1",
        "yaml-js": "^0.2.3"
      }
    },
    "pure-utilities": {
      "version": "1.1.6",
      "resolved": "https://registry.npmjs.org/pure-utilities/-/pure-utilities-1.1.6.tgz",
      "integrity": "sha512-3Z3Np9KI5343giNH8cXgwaNhXdUZEU2EfG9V3cFm+U7rR20Oi6bNwtjVVzhyKZFEvN6XlThN04IdZaTeR+JWnA=="
    },
    "rollup-plugin-uglify": {
      "version": "3.0.0",
      "resolved": "https://registry.npmjs.org/rollup-plugin-uglify/-/rollup-plugin-uglify-3.0.0.tgz",
      "integrity": "sha512-dehLu9eRRoV4l09aC+ySntRw1OAfoyKdbk8Nelblj03tHoynkSybqyEpgavemi1LBOH6S1vzI58/mpxkZIe1iQ==",
      "requires": {
        "uglify-es": "^3.3.7"
      }
    },
    "sinon": {
      "version": "7.1.1",
      "resolved": "https://registry.npmjs.org/sinon/-/sinon-7.1.1.tgz",
      "integrity": "sha512-iYagtjLVt1vN3zZY7D8oH7dkjNJEjLjyuzy8daX5+3bbQl8gaohrheB9VfH1O3L6LKuue5WTJvFluHiuZ9y3nQ==",
      "dev": true,
      "requires": {
        "@sinonjs/commons": "^1.2.0",
        "@sinonjs/formatio": "^3.0.0",
        "@sinonjs/samsam": "^2.1.2",
        "diff": "^3.5.0",
        "lodash.get": "^4.4.2",
        "lolex": "^3.0.0",
        "nise": "^1.4.6",
        "supports-color": "^5.5.0",
        "type-detect": "^4.0.8"
      }
    },
    "source-map": {
      "version": "0.7.3",
      "resolved": "https://registry.npmjs.org/source-map/-/source-map-0.7.3.tgz",
      "integrity": "sha512-CkCj6giN3S+n9qrYiBTX5gystlENnRW5jZeNLHpe6aue+SrHcG5VYwujhW9s4dY31mEGsxBDrHR6oI69fTXsaQ=="
    },
    "supports-color": {
      "version": "5.5.0",
      "resolved": "https://registry.npmjs.org/supports-color/-/supports-color-5.5.0.tgz",
      "integrity": "sha512-QjVjwdXIt408MIiAqCX4oUKsgU2EqAGzs2Ppkm4aQYbjm+ZEWEcW4SfFNTr4uMNZma0ey4f5lgLrkB0aX0QMow==",
      "dev": true,
      "requires": {
        "has-flag": "^3.0.0"
      }
    },
    "text-encoding": {
      "version": "0.6.4",
      "resolved": "http://registry.npmjs.org/text-encoding/-/text-encoding-0.6.4.tgz",
      "integrity": "sha1-45mpgiV6J22uQou5KEXLcb3CbRk=",
      "dev": true
    },
    "to-ast": {
      "version": "1.0.0",
      "resolved": "https://registry.npmjs.org/to-ast/-/to-ast-1.0.0.tgz",
      "integrity": "sha1-DEoxyMmO396arwGSx5S0yLEe4oc=",
      "requires": {
        "ast-types": "^0.7.2",
        "esprima": "^2.1.0"
      }
    },
    "type-detect": {
      "version": "4.0.8",
      "resolved": "https://registry.npmjs.org/type-detect/-/type-detect-4.0.8.tgz",
      "integrity": "sha512-0fr/mIH1dlO+x7TlcMy+bIDqKPsw/70tVyeHW787goQjhmqaZe10uwLujubK9q9Lg6Fiho1KUKDYz0Z7k7g5/g==",
      "dev": true
    },
    "uglify-es": {
      "version": "3.3.9",
      "resolved": "https://registry.npmjs.org/uglify-es/-/uglify-es-3.3.9.tgz",
      "integrity": "sha512-r+MU0rfv4L/0eeW3xZrd16t4NZfK8Ld4SWVglYBb7ez5uXFWHuVRs6xCTrf1yirs9a4j4Y27nn7SRfO6v67XsQ==",
      "requires": {
        "commander": "~2.13.0",
        "source-map": "~0.6.1"
      },
      "dependencies": {
        "source-map": {
          "version": "0.6.1",
          "resolved": "https://registry.npmjs.org/source-map/-/source-map-0.6.1.tgz",
          "integrity": "sha512-UjgapumWlbMhkBgzT7Ykc5YXUT46F0iKu8SGXq0bcwP5dz/h0Plj6enJqjz1Zbq2l5WaqYnrVbwWOWMyF3F47g=="
        }
      }
    },
    "yaml-js": {
      "version": "0.2.3",
      "resolved": "https://registry.npmjs.org/yaml-js/-/yaml-js-0.2.3.tgz",
      "integrity": "sha512-6xUQtVKl1qcd0EXtTEzUDVJy9Ji1fYa47LtkDtYKlIjhibPE9knNPmoRyf6SGREFHlOAUyDe9OdYqRP4DuSi5Q=="
    }
  }
}
