{
  "name": "@buxlabs/html-engine-loader",
  "version": "0.5.7",
  "lockfileVersion": 1,
  "requires": true,
  "dependencies": {
    "@buxlabs/html-engine": {
      "version": "0.5.9",
      "resolved": "https://registry.npmjs.org/@buxlabs/html-engine/-/html-engine-0.5.9.tgz",
      "integrity": "sha512-7PxUr35A+pLh2grA3HobSNAqSWPN8NXJPWhkuxo+H5gFPkLdyhSf0ER+amM/gKELHTtXqp88HZ1SCVc5BTI8eA==",
      "requires": {
        "abstract-syntax-tree": "^1.0.1",
        "himalaya": "^1.1.0",
        "himalaya-walk": "^1.0.0",
        "negate-sentence": "^0.1.2",
        "pure-conditions": "^0.1.9",
        "pure-utilities": "^1.0.11"
      }
    },
    "abstract-syntax-tree": {
      "version": "1.0.2",
      "resolved": "https://registry.npmjs.org/abstract-syntax-tree/-/abstract-syntax-tree-1.0.2.tgz",
      "integrity": "sha512-fCrygLm1tzR1hhIOrKptJfU/HQWclOl1kMIcFvhxzyYdk2XQgeLdLLLiX2EiEgbWtOAimNt72LAxvsnyqt1AVg==",
      "requires": {
        "astring": "^1.3.0",
        "cherow": "^1.4.16",
        "comparify": "^0.2.0",
        "esquery": "^1.0.1",
        "estemplate": "^0.5.1",
        "estraverse": "^4.2.0",
        "prettier": "^1.12.1",
        "source-map": "^0.7.2",
        "to-ast": "^1.0.0"
      }
    },
    "ast-types": {
      "version": "0.7.8",
      "resolved": "https://registry.npmjs.org/ast-types/-/ast-types-0.7.8.tgz",
      "integrity": "sha1-kC0uDWDQcb3NRtwRXhgJ7RHBOKk="
    },
    "astring": {
      "version": "1.3.0",
      "resolved": "https://registry.npmjs.org/astring/-/astring-1.3.0.tgz",
      "integrity": "sha512-laK24aJivdQ/BkPaLOcXFBabGk7HrVrV+cvFrIIJ/H9ytCI6vYn+o9sbaPYvaEmNOq3wj0SCsPujO/rF206x0A=="
    },
    "big.js": {
      "version": "3.2.0",
      "resolved": "https://registry.npmjs.org/big.js/-/big.js-3.2.0.tgz",
      "integrity": "sha512-+hN/Zh2D08Mx65pZ/4g5bsmNiZUuChDiQfTUQ7qJr4/kuopCr88xZsAXv6mBoZEsUI4OuGHlX59qE94K2mMW8Q=="
    },
    "cherow": {
      "version": "1.6.8",
      "resolved": "https://registry.npmjs.org/cherow/-/cherow-1.6.8.tgz",
      "integrity": "sha512-if2GIw3fjE/KnFD5tddg4YJn2zveJ7PU7VcTrVHvsAdqJClB5555AsSti53XHjUyaOEiqq9x3/lZZVJ8s+VPkA==",
      "requires": {
        "rollup-plugin-uglify": "^3.0.0"
      }
    },
    "commander": {
      "version": "2.13.0",
      "resolved": "https://registry.npmjs.org/commander/-/commander-2.13.0.tgz",
      "integrity": "sha512-MVuS359B+YzaWqjCL/c+22gfryv+mCBPHAv3zyVI2GN8EY6IRP8VwtasXn8jyyhvvq84R4ImN1OKRtcbIasjYA=="
    },
    "comparify": {
      "version": "0.2.0",
      "resolved": "https://registry.npmjs.org/comparify/-/comparify-0.2.0.tgz",
      "integrity": "sha1-wf1qoeHfIiu/ELC78XGYOX5wxm0="
    },
    "emojis-list": {
      "version": "2.1.0",
      "resolved": "https://registry.npmjs.org/emojis-list/-/emojis-list-2.1.0.tgz",
      "integrity": "sha1-TapNnbAPmBmIDHn6RXrlsJof04k="
    },
    "esprima": {
      "version": "2.7.3",
      "resolved": "https://registry.npmjs.org/esprima/-/esprima-2.7.3.tgz",
      "integrity": "sha1-luO3DVd59q1JzQMmc9HDEnZ7pYE="
    },
    "esquery": {
      "version": "1.0.1",
      "resolved": "https://registry.npmjs.org/esquery/-/esquery-1.0.1.tgz",
      "integrity": "sha512-SmiyZ5zIWH9VM+SRUReLS5Q8a7GxtRdxEBVZpm98rJM7Sb+A9DVCndXfkeFUd3byderg+EbDkfnevfCwynWaNA==",
      "requires": {
        "estraverse": "^4.0.0"
      }
    },
    "estemplate": {
      "version": "0.5.1",
      "resolved": "https://registry.npmjs.org/estemplate/-/estemplate-0.5.1.tgz",
      "integrity": "sha1-FxSp1GGQc4rJWLyv1J4CnNpWo54=",
      "requires": {
        "esprima": "^2.7.2",
        "estraverse": "^4.1.1"
      }
    },
    "estraverse": {
      "version": "4.2.0",
      "resolved": "https://registry.npmjs.org/estraverse/-/estraverse-4.2.0.tgz",
      "integrity": "sha1-De4/7TH81GlhjOc0IJn8GvoL2xM="
    },
    "himalaya": {
      "version": "1.1.0",
      "resolved": "https://registry.npmjs.org/himalaya/-/himalaya-1.1.0.tgz",
      "integrity": "sha512-LLase1dHCRMel68/HZTFft0N0wti0epHr3nNY7ynpLbyZpmrKMQ8YIpiOV77TM97cNpC8Wb2n6f66IRggwdWPw=="
    },
    "himalaya-walk": {
      "version": "1.0.0",
      "resolved": "https://registry.npmjs.org/himalaya-walk/-/himalaya-walk-1.0.0.tgz",
      "integrity": "sha512-lu++BRl5biE9+GJSAdMLFuXje97iTOZZUCidLvnxW8JGsCLSHd5+J/UeSjB5POfF1v1ZiDZ2Ff1NdTjLLzNsMQ=="
    },
    "json5": {
      "version": "0.5.1",
      "resolved": "https://registry.npmjs.org/json5/-/json5-0.5.1.tgz",
      "integrity": "sha1-Hq3nrMASA0rYTiOWdn6tn6VJWCE="
    },
    "loader-utils": {
      "version": "1.1.0",
      "resolved": "https://registry.npmjs.org/loader-utils/-/loader-utils-1.1.0.tgz",
      "integrity": "sha1-yYrvSIvM7aL/teLeZG1qdUQp9c0=",
      "requires": {
        "big.js": "^3.1.3",
        "emojis-list": "^2.0.0",
        "json5": "^0.5.0"
      }
    },
    "negate-sentence": {
      "version": "0.1.2",
      "resolved": "https://registry.npmjs.org/negate-sentence/-/negate-sentence-0.1.2.tgz",
      "integrity": "sha512-qD0Smf0A8JGrlG5vDuNkD3CrfRlQEM+rII6eADGt2SsIoQGdDhiGZL9pD1590TD2PTHJlFE1LM1v8xqOrHoszA==",
      "requires": {
        "pure-utilities": "^1.0.10"
      }
    },
    "prettier": {
      "version": "1.13.5",
      "resolved": "https://registry.npmjs.org/prettier/-/prettier-1.13.5.tgz",
      "integrity": "sha512-4M90mfvLz6yRf2Dhzd+xPIE6b4xkI8nHMJhsSm9IlfG17g6wujrrm7+H1X8x52tC4cSNm6HmuhCUSNe6Hd5wfw=="
    },
    "pure-conditions": {
      "version": "0.1.9",
      "resolved": "https://registry.npmjs.org/pure-conditions/-/pure-conditions-0.1.9.tgz",
      "integrity": "sha512-wnipoithk5TuLB2XhAwi+Sqgf0x5+wZJLu+RfwUQ8AY1/njPn/bF4jtJR6IxjLWk4+HjId6sILkuJu7uCVUhPQ=="
    },
    "pure-utilities": {
      "version": "1.0.12",
      "resolved": "https://registry.npmjs.org/pure-utilities/-/pure-utilities-1.0.12.tgz",
      "integrity": "sha512-YL2P5PY2ziGKt7/qkhJCSi8Su/2z0SIwSlK6TvCNCYJt1pI0I2DygxX3FllUP1Ta5DnatbEn+JiDRwTdLJXiUQ=="
    },
    "rollup-plugin-uglify": {
      "version": "3.0.0",
      "resolved": "https://registry.npmjs.org/rollup-plugin-uglify/-/rollup-plugin-uglify-3.0.0.tgz",
      "integrity": "sha512-dehLu9eRRoV4l09aC+ySntRw1OAfoyKdbk8Nelblj03tHoynkSybqyEpgavemi1LBOH6S1vzI58/mpxkZIe1iQ==",
      "requires": {
        "uglify-es": "^3.3.7"
      }
    },
    "source-map": {
      "version": "0.7.3",
      "resolved": "https://registry.npmjs.org/source-map/-/source-map-0.7.3.tgz",
      "integrity": "sha512-CkCj6giN3S+n9qrYiBTX5gystlENnRW5jZeNLHpe6aue+SrHcG5VYwujhW9s4dY31mEGsxBDrHR6oI69fTXsaQ=="
    },
    "to-ast": {
      "version": "1.0.0",
      "resolved": "https://registry.npmjs.org/to-ast/-/to-ast-1.0.0.tgz",
      "integrity": "sha1-DEoxyMmO396arwGSx5S0yLEe4oc=",
      "requires": {
        "ast-types": "^0.7.2",
        "esprima": "^2.1.0"
      }
    },
    "uglify-es": {
      "version": "3.3.9",
      "resolved": "https://registry.npmjs.org/uglify-es/-/uglify-es-3.3.9.tgz",
      "integrity": "sha512-r+MU0rfv4L/0eeW3xZrd16t4NZfK8Ld4SWVglYBb7ez5uXFWHuVRs6xCTrf1yirs9a4j4Y27nn7SRfO6v67XsQ==",
      "requires": {
        "commander": "~2.13.0",
        "source-map": "~0.6.1"
      },
      "dependencies": {
        "source-map": {
          "version": "0.6.1",
          "resolved": "https://registry.npmjs.org/source-map/-/source-map-0.6.1.tgz",
          "integrity": "sha512-UjgapumWlbMhkBgzT7Ykc5YXUT46F0iKu8SGXq0bcwP5dz/h0Plj6enJqjz1Zbq2l5WaqYnrVbwWOWMyF3F47g=="
        }
      }
    }
  }
}
